<?xml version="1.0" encoding="utf-8"?>
<Project ToolsVersion="4.0" xmlns="http://schemas.microsoft.com/developer/msbuild/2003">
  <ItemGroup>
    <Filter Include="File di origine">
      <UniqueIdentifier>{4FC737F1-C7A5-4376-A066-2A32D752A2FF}</UniqueIdentifier>
      <Extensions>cpp;c;cc;cxx;def;odl;idl;hpj;bat;asm;asmx</Extensions>
    </Filter>
    <Filter Include="File di intestazione">
      <UniqueIdentifier>{93995380-89BD-4b04-88EB-625FBE52EBFB}</UniqueIdentifier>
      <Extensions>h;hh;hpp;hxx;hm;inl;inc;ipp;xsd</Extensions>
    </Filter>
    <Filter Include="File di risorse">
      <UniqueIdentifier>{67DA6AB6-F800-4c08-8B7A-83BB121AAD01}</UniqueIdentifier>
      <Extensions>rc;ico;cur;bmp;dlg;rc2;rct;bin;rgs;gif;jpg;jpeg;jpe;resx;tiff;tif;png;wav;mfcribbon-ms</Extensions>
    </Filter>
  </ItemGroup>
  <ItemGroup>
    <ClCompile Include="src\Application.cpp">
      <Filter>File di origine</Filter>
    </ClCompile>
    <ClCompile Include="src\HelloTriangle\HelloRectangle.cpp">
      <Filter>File di origine</Filter>
    </ClCompile>
    <ClCompile Include="src\HelloTriangle\HelloTriangle.cpp">
      <Filter>File di origine</Filter>
    </ClCompile>
    <ClCompile Include="src\HelloTriangle\Exercise1.cpp">
      <Filter>File di origine</Filter>
    </ClCompile>
    <ClCompile Include="src\HelloTriangle\Exercise2.cpp">
      <Filter>File di origine</Filter>
    </ClCompile>
    <ClCompile Include="src\HelloTriangle\Exercise3.cpp">
      <Filter>File di origine</Filter>
    </ClCompile>
    <ClCompile Include="src\GS-Shaders\Uniforms.cpp">
      <Filter>File di origine</Filter>
    </ClCompile>
    <ClCompile Include="src\GS-Shaders\ColorAttribute.cpp">
      <Filter>File di origine</Filter>
    </ClCompile>
    <ClCompile Include="src\core\Shader.cpp">
      <Filter>File di origine</Filter>
    </ClCompile>
    <ClCompile Include="src\util\Shader.cpp">
      <Filter>File di origine</Filter>
    </ClCompile>
    <ClCompile Include="src\GS-Shaders\Exercise1.cpp">
      <Filter>File di origine</Filter>
    </ClCompile>
    <ClCompile Include="src\GS-Shaders\Exercise2.cpp">
      <Filter>File di origine</Filter>
    </ClCompile>
    <ClCompile Include="src\GS-Shaders\Exercise3.cpp">
      <Filter>File di origine</Filter>
    </ClCompile>
    <ClCompile Include="src\vendor\stb_image\stb_image.cpp">
      <Filter>File di origine</Filter>
    </ClCompile>
    <ClCompile Include="src\GS-Textures\FirstTexture.cpp">
      <Filter>File di origine</Filter>
    </ClCompile>
    <ClCompile Include="src\GS-Textures\MixTextures.cpp">
      <Filter>File di origine</Filter>
    </ClCompile>
  </ItemGroup>
  <ItemGroup>
    <ClInclude Include="src\HelloTriangle\Hello.h">
      <Filter>File di intestazione</Filter>
    </ClInclude>
    <ClInclude Include="src\HelloTriangle\HelloRectangle.h">
      <Filter>File di intestazione</Filter>
    </ClInclude>
    <ClInclude Include="src\HelloTriangle\HelloTriangle.h">
      <Filter>File di intestazione</Filter>
    </ClInclude>
    <ClInclude Include="src\HelloTriangle\Exercise1.h">
      <Filter>File di intestazione</Filter>
    </ClInclude>
    <ClInclude Include="src\HelloTriangle\Exercise2.h">
      <Filter>File di intestazione</Filter>
    </ClInclude>
    <ClInclude Include="src\HelloTriangle\Exercise3.h">
      <Filter>File di intestazione</Filter>
    </ClInclude>
    <ClInclude Include="src\GS-Shaders\Uniforms.h">
      <Filter>File di intestazione</Filter>
    </ClInclude>
    <ClInclude Include="src\GS-Shaders\ColorAttribute.h">
      <Filter>File di intestazione</Filter>
    </ClInclude>
    <ClInclude Include="src\core\Shader.h">
      <Filter>File di intestazione</Filter>
    </ClInclude>
    <ClInclude Include="src\util\Shader.h">
      <Filter>File di intestazione</Filter>
    </ClInclude>
    <ClInclude Include="src\GS-Shaders\Exercise1.h">
      <Filter>File di intestazione</Filter>
    </ClInclude>
    <ClInclude Include="src\GS-Shaders\Exercise2.h">
      <Filter>File di intestazione</Filter>
    </ClInclude>
    <ClInclude Include="src\GS-Shaders\Exercise3.h">
      <Filter>File di intestazione</Filter>
    </ClInclude>
    <ClInclude Include="src\vendor\stb_image\stb_image.h">
      <Filter>File di intestazione</Filter>
    </ClInclude>
    <ClInclude Include="src\GS-Textures\FirstTexture.h">
      <Filter>File di intestazione</Filter>
    </ClInclude>
    <ClInclude Include="src\GS-Textures\MixTextures.h">
      <Filter>File di intestazione</Filter>
    </ClInclude>
  </ItemGroup>
  <ItemGroup>
    <None Include="res\shader\vertex.shader" />
    <None Include="res\shader\fragment.shader" />
    <None Include="res\shader\fragment_yellow.shader" />
    <None Include="res\shader\fragment_uniform.shader" />
    <None Include="res\shader\fragment_colorattr.shader" />
    <None Include="res\shader\vertex_colorattr.shader" />
    <None Include="res\shader\upside_down_vertex.shader" />
    <None Include="res\shader\right_shift_vertex.shader" />
    <None Include="res\shader\position_as_color_fragment.shader" />
    <None Include="res\shader\output_position_vertex.shader" />
    <None Include="res\shader\GS-Textures\first_texture_fragment.shader" />
    <None Include="res\shader\GS-Textures\first_texture_vertex.shader" />
    <None Include="res\shader\GS-Textures\mix_textures_fragment.shader" />
  </ItemGroup>
  <ItemGroup>
    <Image Include="res\textures\awesomeface.png">
      <Filter>File di risorse</Filter>
    </Image>
    <Image Include="res\textures\container.jpg">
      <Filter>File di risorse</Filter>
    </Image>
  </ItemGroup>
</Project>